
Microsoft Visual Studio Solution File, Format Version 12.00
# Visual Studio Version 16
VisualStudioVersion = 16.0.29418.71
MinimumVisualStudioVersion = 10.0.40219.1
Project("{FAE04EC0-301F-11D3-BF4B-00C04F79EFBC}") = "CheggSolutionsCrawler", "CheggSolutionsCrawler\CheggSolutionsCrawler.csproj", "{8279E41D-530F-4D99-B2DF-178C0EECF598}"
EndProject
Project("{9A19103F-16F7-4668-BE54-9A1E7A4F7556}") = "CheggSolutionsCrawlerNetCore", "CheggSolutionsCrawlerNetCore\CheggSolutionsCrawlerNetCore.csproj", "{8F8884B6-8B26-4AF5-B80E-9EC987389EBE}"
EndProject
Global
	GlobalSection(SolutionConfigurationPlatforms) = preSolution
		Debug|Any CPU = Debug|Any CPU
		Release|Any CPU = Release|Any CPU
	EndGlobalSection
	GlobalSection(ProjectConfigurationPlatforms) = postSolution
		{8279E41D-530F-4D99-B2DF-178C0EECF598}.Debug|Any CPU.ActiveCfg = Debug|Any CPU
		{8279E41D-530F-4D99-B2DF-178C0EECF598}.Debug|Any CPU.Build.0 = Debug|Any CPU
		{8279E41D-530F-4D99-B2DF-178C0EECF598}.Release|Any CPU.ActiveCfg = Release|Any CPU
		{8279E41D-530F-4D99-B2DF-178C0EECF598}.Release|Any CPU.Build.0 = Release|Any CPU
		{8F8884B6-8B26-4AF5-B80E-9EC987389EBE}.Debug|Any CPU.ActiveCfg = Debug|x64
		{8F8884B6-8B26-4AF5-B80E-9EC987389EBE}.Debug|Any CPU.Build.0 = Debug|x64
		{8F8884B6-8B26-4AF5-B80E-9EC987389EBE}.Release|Any CPU.ActiveCfg = Release|x86
	EndGlobalSection
	GlobalSection(SolutionProperties) = preSolution
		HideSolutionNode = FALSE
	EndGlobalSection
	GlobalSection(ExtensibilityGlobals) = postSolution
		SolutionGuid = {C05FAFF4-1A8F-4A74-B42A-37E6868F2C72}
	EndGlobalSection
EndGlobal
